// !$*UTF8*$!
{
	archiveVersion = 1;
	classes = {};
	objectVersion = 56;
	objects = {
		E617FAAB5BA15EB58E9139DA = { isa = PBXFileReference; lastKnownFileType = sourcecode.swift; path = "DiffyApp.swift"; sourceTree = "<group>"; };
		53A01493DAF5048DDFB47F83 = { isa = PBXBuildFile; fileRef = E617FAAB5BA15EB58E9139DA; };
		90E37353E429D98A6952E24B = { isa = PBXFileReference; lastKnownFileType = sourcecode.swift; path = "DiffyCommands.swift"; sourceTree = "<group>"; };
		EDE63522E9A7EDF5E9D6C693 = { isa = PBXBuildFile; fileRef = 90E37353E429D98A6952E24B; };
		580C31406A5A4EDB12FA2A77 = { isa = PBXGroup; children = (E617FAAB5BA15EB58E9139DA, 90E37353E429D98A6952E24B); path = "App"; sourceTree = "<group>"; };
		7793BCDDBBB19C90935C6946 = { isa = PBXFileReference; lastKnownFileType = sourcecode.swift; path = "DiffyBadge.swift"; sourceTree = "<group>"; };
		069379BBB85A9406B2F2E59D = { isa = PBXBuildFile; fileRef = 7793BCDDBBB19C90935C6946; };
		72FD98A903DCBC0A919D1DA2 = { isa = PBXFileReference; lastKnownFileType = sourcecode.swift; path = "DiffyEmptyState.swift"; sourceTree = "<group>"; };
		A0B5970E9FCD044129BD81A5 = { isa = PBXBuildFile; fileRef = 72FD98A903DCBC0A919D1DA2; };
		6CF60280529B8CE5849B289B = { isa = PBXFileReference; lastKnownFileType = sourcecode.swift; path = "DiffyIconButton.swift"; sourceTree = "<group>"; };
		5F4DF9D40401593BD0D9BAAA = { isa = PBXBuildFile; fileRef = 6CF60280529B8CE5849B289B; };
		3FAAE1EE17E949D3CE7D6818 = { isa = PBXFileReference; lastKnownFileType = sourcecode.swift; path = "DiffyThemeModifier.swift"; sourceTree = "<group>"; };
		3B51FE16D9414D50A99F87EA = { isa = PBXBuildFile; fileRef = 3FAAE1EE17E949D3CE7D6818; };
		64FF71643527EEAD0AD0396F = { isa = PBXGroup; children = (7793BCDDBBB19C90935C6946, 72FD98A903DCBC0A919D1DA2, 6CF60280529B8CE5849B289B, 3FAAE1EE17E949D3CE7D6818); path = "Base"; sourceTree = "<group>"; };
		115731487CF35B3BE7C3AF94 = { isa = PBXFileReference; lastKnownFileType = sourcecode.swift; path = "CodeLineView.swift"; sourceTree = "<group>"; };
		0898014E0B045038F4590ADF = { isa = PBXBuildFile; fileRef = 115731487CF35B3BE7C3AF94; };
		A3FA02B7EEE67CF0EBE71E3E = { isa = PBXFileReference; lastKnownFileType = sourcecode.swift; path = "DiffFileIcon.swift"; sourceTree = "<group>"; };
		EB58BCB005E44B7F01DE7E7C = { isa = PBXBuildFile; fileRef = A3FA02B7EEE67CF0EBE71E3E; };
		05AA22E509E05FE849334540 = { isa = PBXGroup; children = (115731487CF35B3BE7C3AF94, A3FA02B7EEE67CF0EBE71E3E); path = "Editor"; sourceTree = "<group>"; };
		BF342E246033D1602D37813E = { isa = PBXGroup; children = (64FF71643527EEAD0AD0396F, 05AA22E509E05FE849334540); path = "Components"; sourceTree = "<group>"; };
		1CA5489FACBABFE48A92848C = { isa = PBXFileReference; lastKnownFileType = sourcecode.swift; path = "ExportController.swift"; sourceTree = "<group>"; };
		C0205E26C51AAD1850FBFAF4 = { isa = PBXBuildFile; fileRef = 1CA5489FACBABFE48A92848C; };
		9F95E43FC5F8E16724F94D03 = { isa = PBXFileReference; lastKnownFileType = sourcecode.swift; path = "ProjectDirectoryController.swift"; sourceTree = "<group>"; };
		603A94416629445E102C4587 = { isa = PBXBuildFile; fileRef = 9F95E43FC5F8E16724F94D03; };
		63A98D5CA6F92F5B7D6A00DB = { isa = PBXGroup; children = (1CA5489FACBABFE48A92848C, 9F95E43FC5F8E16724F94D03); path = "Controllers"; sourceTree = "<group>"; };
		9788EFD9B93DEA8B75C835CE = { isa = PBXFileReference; lastKnownFileType = sourcecode.swift; path = "AppAssembler.swift"; sourceTree = "<group>"; };
		EA8531619492D54027BF60DB = { isa = PBXBuildFile; fileRef = 9788EFD9B93DEA8B75C835CE; };
		017A1E6F36A7200F6C74D76D = { isa = PBXFileReference; lastKnownFileType = sourcecode.swift; path = "ServiceAssembly.swift"; sourceTree = "<group>"; };
		E4FB60AAE50DF0B5853A0E2D = { isa = PBXBuildFile; fileRef = 017A1E6F36A7200F6C74D76D; };
		7BBDFA2127D4C111BB828407 = { isa = PBXFileReference; lastKnownFileType = sourcecode.swift; path = "ViewModelAssembly.swift"; sourceTree = "<group>"; };
		23002251A263B9EABA2CA57A = { isa = PBXBuildFile; fileRef = 7BBDFA2127D4C111BB828407; };
		66C41DE11587B1035F60B64F = { isa = PBXGroup; children = (9788EFD9B93DEA8B75C835CE, 017A1E6F36A7200F6C74D76D, 7BBDFA2127D4C111BB828407); path = "Live"; sourceTree = "<group>"; };
		556355D75B256CCBA2009C2B = { isa = PBXFileReference; lastKnownFileType = sourcecode.swift; path = "MockAssembler.swift"; sourceTree = "<group>"; };
		C8D21BE02C164FF3C79578E7 = { isa = PBXBuildFile; fileRef = 556355D75B256CCBA2009C2B; };
		1EDAFFBC70A3181539BE6954 = { isa = PBXFileReference; lastKnownFileType = sourcecode.swift; path = "MockPreviewFixtures.swift"; sourceTree = "<group>"; };
		CF7ECB936293C92BC743EEB4 = { isa = PBXBuildFile; fileRef = 1EDAFFBC70A3181539BE6954; };
		B2D039416F4DFB5EF9F26D1C = { isa = PBXFileReference; lastKnownFileType = sourcecode.swift; path = "MockPreviewModifier.swift"; sourceTree = "<group>"; };
		416DC9FAC15A2FAA9D072C9E = { isa = PBXBuildFile; fileRef = B2D039416F4DFB5EF9F26D1C; };
		56BDCE19C6B630803CC61A29 = { isa = PBXGroup; children = (556355D75B256CCBA2009C2B, 1EDAFFBC70A3181539BE6954, B2D039416F4DFB5EF9F26D1C); path = "Mock"; sourceTree = "<group>"; };
		46325E7521D4704ADC505C6C = { isa = PBXGroup; children = (66C41DE11587B1035F60B64F, 56BDCE19C6B630803CC61A29); path = "DI"; sourceTree = "<group>"; };
		E88C1C997A104AE9379F5677 = { isa = PBXFileReference; lastKnownFileType = sourcecode.swift; path = "ComparisonFileKind.swift"; sourceTree = "<group>"; };
		726E4E2BD62C49C1575DB185 = { isa = PBXBuildFile; fileRef = E88C1C997A104AE9379F5677; };
		BCC6E4FB05FA11A834C77E0B = { isa = PBXFileReference; lastKnownFileType = sourcecode.swift; path = "ComparisonMode.swift"; sourceTree = "<group>"; };
		7DE5382FDAA0F9A2CDB5A193 = { isa = PBXBuildFile; fileRef = BCC6E4FB05FA11A834C77E0B; };
		4D8F026EF449FEC844E0B31A = { isa = PBXFileReference; lastKnownFileType = sourcecode.swift; path = "DiffFile.swift"; sourceTree = "<group>"; };
		FA6EE691B2944397A2264BB3 = { isa = PBXBuildFile; fileRef = 4D8F026EF449FEC844E0B31A; };
		7BF511DB3B0F3CC6E1098EE4 = { isa = PBXFileReference; lastKnownFileType = sourcecode.swift; path = "DiffLine.swift"; sourceTree = "<group>"; };
		BCB357A5C03278590A65E515 = { isa = PBXBuildFile; fileRef = 7BF511DB3B0F3CC6E1098EE4; };
		52EE114849D5C0A573445317 = { isa = PBXFileReference; lastKnownFileType = sourcecode.swift; path = "DiffRegion.swift"; sourceTree = "<group>"; };
		749145CEA45550F1CDD0F6AB = { isa = PBXBuildFile; fileRef = 52EE114849D5C0A573445317; };
		ED01BB3B0306F2437006E6BD = { isa = PBXFileReference; lastKnownFileType = sourcecode.swift; path = "FileChangeStatus.swift"; sourceTree = "<group>"; };
		2737749A2EF1C1F08C247519 = { isa = PBXBuildFile; fileRef = ED01BB3B0306F2437006E6BD; };
		B66D63896005DE6ED24CCD72 = { isa = PBXFileReference; lastKnownFileType = sourcecode.swift; path = "FileListLayout.swift"; sourceTree = "<group>"; };
		43BCF2AE85CF934DEF631801 = { isa = PBXBuildFile; fileRef = B66D63896005DE6ED24CCD72; };
		81F873F02FA0FC6A8CC2B0FA = { isa = PBXFileReference; lastKnownFileType = sourcecode.swift; path = "FileSortOrder.swift"; sourceTree = "<group>"; };
		36BA234E193C993E954C25E6 = { isa = PBXBuildFile; fileRef = 81F873F02FA0FC6A8CC2B0FA; };
		B4780DADB60387E134B468D9 = { isa = PBXFileReference; lastKnownFileType = sourcecode.swift; path = "FileTreeEntry.swift"; sourceTree = "<group>"; };
		5AE18D1F4BAFEF94C53F34B4 = { isa = PBXBuildFile; fileRef = B4780DADB60387E134B468D9; };
		3D24A4D849A754B256AA308C = { isa = PBXFileReference; lastKnownFileType = sourcecode.swift; path = "ImageComparisonMode.swift"; sourceTree = "<group>"; };
		8B1A576EE2A5272FDB2E0D6D = { isa = PBXBuildFile; fileRef = 3D24A4D849A754B256AA308C; };
		3EB81E3D4B36E296A3FB454A = { isa = PBXFileReference; lastKnownFileType = sourcecode.swift; path = "MergeConflict.swift"; sourceTree = "<group>"; };
		02D78540B49ABB08F17F07E4 = { isa = PBXBuildFile; fileRef = 3EB81E3D4B36E296A3FB454A; };
		CABA479C54FE569275545FB6 = { isa = PBXFileReference; lastKnownFileType = sourcecode.swift; path = "MergeDecision.swift"; sourceTree = "<group>"; };
		866A45B0B6FA7216E582BDFA = { isa = PBXBuildFile; fileRef = CABA479C54FE569275545FB6; };
		EDE3248C272F83805B8AEA57 = { isa = PBXFileReference; lastKnownFileType = sourcecode.swift; path = "MergeDraftSnapshot.swift"; sourceTree = "<group>"; };
		F8987635CB2F00E6B6B78E6A = { isa = PBXBuildFile; fileRef = EDE3248C272F83805B8AEA57; };
		64C36C737D225537004949A6 = { isa = PBXFileReference; lastKnownFileType = sourcecode.swift; path = "SourceSide.swift"; sourceTree = "<group>"; };
		3EC8DD1A7D8284D5C8917B92 = { isa = PBXBuildFile; fileRef = 64C36C737D225537004949A6; };
		09BDF460EADC101EA2071108 = { isa = PBXGroup; children = (E88C1C997A104AE9379F5677, BCC6E4FB05FA11A834C77E0B, 4D8F026EF449FEC844E0B31A, 7BF511DB3B0F3CC6E1098EE4, 52EE114849D5C0A573445317, ED01BB3B0306F2437006E6BD, B66D63896005DE6ED24CCD72, 81F873F02FA0FC6A8CC2B0FA, B4780DADB60387E134B468D9, 3D24A4D849A754B256AA308C, 3EB81E3D4B36E296A3FB454A, CABA479C54FE569275545FB6, EDE3248C272F83805B8AEA57, 64C36C737D225537004949A6); path = "Comparison"; sourceTree = "<group>"; };
		7AC40B9CEFFBAA7CCEBC87F8 = { isa = PBXFileReference; lastKnownFileType = sourcecode.swift; path = "AnnotationDraft.swift"; sourceTree = "<group>"; };
		DE6F4B9F0326866E6900FE5F = { isa = PBXBuildFile; fileRef = 7AC40B9CEFFBAA7CCEBC87F8; };
		5329DC9C15A24D90208B61DE = { isa = PBXFileReference; lastKnownFileType = sourcecode.swift; path = "CodeAnnotation.swift"; sourceTree = "<group>"; };
		8D7208A97D3040A51239D00E = { isa = PBXBuildFile; fileRef = 5329DC9C15A24D90208B61DE; };
		F1B0E3F146B9D082E65CD21F = { isa = PBXGroup; children = (7AC40B9CEFFBAA7CCEBC87F8, 5329DC9C15A24D90208B61DE); path = "Review"; sourceTree = "<group>"; };
		90D88FB70C207E380064074B = { isa = PBXFileReference; lastKnownFileType = sourcecode.swift; path = "AppearancePreferences.swift"; sourceTree = "<group>"; };
		9B444C0BE9FAA11B9E587268 = { isa = PBXBuildFile; fileRef = 90D88FB70C207E380064074B; };
		4CCC52BF7C039B9DB2A56334 = { isa = PBXFileReference; lastKnownFileType = sourcecode.swift; path = "DiffVisualizationPreferences.swift"; sourceTree = "<group>"; };
		F89BDC22531F58ECBCC5E2FE = { isa = PBXBuildFile; fileRef = 4CCC52BF7C039B9DB2A56334; };
		E96430D293401E2F05D76FC5 = { isa = PBXFileReference; lastKnownFileType = sourcecode.swift; path = "EditorPreferences.swift"; sourceTree = "<group>"; };
		7CE1320F8D1FD7911BF2E051 = { isa = PBXBuildFile; fileRef = E96430D293401E2F05D76FC5; };
		52097D36195301E8F1CB019B = { isa = PBXFileReference; lastKnownFileType = sourcecode.swift; path = "FileNavigationPreferences.swift"; sourceTree = "<group>"; };
		8D18DDA39C319CF7AE6723C2 = { isa = PBXBuildFile; fileRef = 52097D36195301E8F1CB019B; };
		6103CE42C705F407B9B849A6 = { isa = PBXFileReference; lastKnownFileType = sourcecode.swift; path = "ThemeSelection.swift"; sourceTree = "<group>"; };
		2BDA1CAF6F524602FC53A4F3 = { isa = PBXBuildFile; fileRef = 6103CE42C705F407B9B849A6; };
		332E0F58D1497DA99EF1A7E8 = { isa = PBXGroup; children = (90D88FB70C207E380064074B, 4CCC52BF7C039B9DB2A56334, E96430D293401E2F05D76FC5, 52097D36195301E8F1CB019B, 6103CE42C705F407B9B849A6); path = "Settings"; sourceTree = "<group>"; };
		504CC9BDA64899B739D7FFB9 = { isa = PBXFileReference; lastKnownFileType = sourcecode.swift; path = "ViewModel.swift"; sourceTree = "<group>"; };
		76151059C0A7C2054595582A = { isa = PBXBuildFile; fileRef = 504CC9BDA64899B739D7FFB9; };
		3B1149BE34A16955B99E0929 = { isa = PBXGroup; children = (504CC9BDA64899B739D7FFB9); path = "System"; sourceTree = "<group>"; };
		E9F1680FC669D176945E130A = { isa = PBXFileReference; lastKnownFileType = sourcecode.swift; path = "Bucket.swift"; sourceTree = "<group>"; };
		335BDF2F603BD812AE8AEDF7 = { isa = PBXBuildFile; fileRef = E9F1680FC669D176945E130A; };
		9C3EE4741930F7F990F94FBD = { isa = PBXFileReference; lastKnownFileType = sourcecode.swift; path = "BucketDragItem.swift"; sourceTree = "<group>"; };
		87E7C8D7FB529D1C9CC4662A = { isa = PBXBuildFile; fileRef = 9C3EE4741930F7F990F94FBD; };
		9775DF44762962277C844AC7 = { isa = PBXFileReference; lastKnownFileType = sourcecode.swift; path = "LocalProjectRecord.swift"; sourceTree = "<group>"; };
		1510921C6758435A142BA69A = { isa = PBXBuildFile; fileRef = 9775DF44762962277C844AC7; };
		A5B078BB1443CA962075C45F = { isa = PBXFileReference; lastKnownFileType = sourcecode.swift; path = "MockCommit.swift"; sourceTree = "<group>"; };
		A5DDE494EAB88D5CCD2AA9C8 = { isa = PBXBuildFile; fileRef = A5B078BB1443CA962075C45F; };
		B68D73BDD4084551424BB22B = { isa = PBXFileReference; lastKnownFileType = sourcecode.swift; path = "NewProjectDraft.swift"; sourceTree = "<group>"; };
		E042F618B58EEEF6188D3F8E = { isa = PBXBuildFile; fileRef = B68D73BDD4084551424BB22B; };
		D52F997C194942F4E9A69148 = { isa = PBXFileReference; lastKnownFileType = sourcecode.swift; path = "RepositoryProject.swift"; sourceTree = "<group>"; };
		A306427EBB954A8B7334FDE9 = { isa = PBXBuildFile; fileRef = D52F997C194942F4E9A69148; };
		267F5AD8263AC285644EBB50 = { isa = PBXGroup; children = (E9F1680FC669D176945E130A, 9C3EE4741930F7F990F94FBD, 9775DF44762962277C844AC7, A5B078BB1443CA962075C45F, B68D73BDD4084551424BB22B, D52F997C194942F4E9A69148); path = "Workspace"; sourceTree = "<group>"; };
		9975716837A5103543198E6D = { isa = PBXGroup; children = (09BDF460EADC101EA2071108, F1B0E3F146B9D082E65CD21F, 332E0F58D1497DA99EF1A7E8, 3B1149BE34A16955B99E0929, 267F5AD8263AC285644EBB50); path = "Models"; sourceTree = "<group>"; };
		DC17C0515C2637F3981FC468 = { isa = PBXFileReference; lastKnownFileType = folder; path = "Fonts"; sourceTree = "<group>"; };
		678925F40713487AAA3AE2D2 = { isa = PBXBuildFile; fileRef = DC17C0515C2637F3981FC468; };
		AD5468D9629BF3ED81FDE618 = { isa = PBXFileReference; lastKnownFileType = text.plist.entitlements; path = "Diffy.entitlements"; sourceTree = "<group>"; };
		17108E5056D8D44F9F301EC4 = { isa = PBXGroup; children = (DC17C0515C2637F3981FC468, AD5468D9629BF3ED81FDE618); path = "Resources"; sourceTree = "<group>"; };
		9B59C174502ADBA9EB7E2F2C = { isa = PBXFileReference; lastKnownFileType = sourcecode.swift; path = "BucketEditorScreen.swift"; sourceTree = "<group>"; };
		8CCA14825EE374C1970D4538 = { isa = PBXBuildFile; fileRef = 9B59C174502ADBA9EB7E2F2C; };
		4C8340CDF111A62FD3AE6BD4 = { isa = PBXGroup; children = (9B59C174502ADBA9EB7E2F2C); path = "Buckets"; sourceTree = "<group>"; };
		681125C17FF75FDB33A51B4A = { isa = PBXFileReference; lastKnownFileType = sourcecode.swift; path = "ComparisonSourceBar.swift"; sourceTree = "<group>"; };
		A349D4610BFFEBCC52CB1D92 = { isa = PBXBuildFile; fileRef = 681125C17FF75FDB33A51B4A; };
		81771C2138CB05018686CC41 = { isa = PBXFileReference; lastKnownFileType = sourcecode.swift; path = "DiffRegionDecoration.swift"; sourceTree = "<group>"; };
		E5C407E6720BD239C695B138 = { isa = PBXBuildFile; fileRef = 81771C2138CB05018686CC41; };
		0BDB1D7766DB35327530EEC4 = { isa = PBXFileReference; lastKnownFileType = sourcecode.swift; path = "DiffToolbar.swift"; sourceTree = "<group>"; };
		C93193BFF72029C7F18FD6F3 = { isa = PBXBuildFile; fileRef = 0BDB1D7766DB35327530EEC4; };
		BF76933B48C5E418C60A6A99 = { isa = PBXGroup; children = (681125C17FF75FDB33A51B4A, 81771C2138CB05018686CC41, 0BDB1D7766DB35327530EEC4); path = "Views"; sourceTree = "<group>"; };
		DA73E6BAA64F446C72DA400C = { isa = PBXFileReference; lastKnownFileType = sourcecode.swift; path = "ComparisonScreen.swift"; sourceTree = "<group>"; };
		B795F08A9FC8072D75318989 = { isa = PBXBuildFile; fileRef = DA73E6BAA64F446C72DA400C; };
		1F79DAAA01C7186A97103299 = { isa = PBXFileReference; lastKnownFileType = sourcecode.swift; path = "FileNavigatorScreen.swift"; sourceTree = "<group>"; };
		948D25901FF7F57897E0FE1D = { isa = PBXBuildFile; fileRef = 1F79DAAA01C7186A97103299; };
		4C5B5ABF60365874224B14E8 = { isa = PBXFileReference; lastKnownFileType = sourcecode.swift; path = "FileNavigatorViewModel.swift"; sourceTree = "<group>"; };
		5893FA11F295B5760AC802CE = { isa = PBXBuildFile; fileRef = 4C5B5ABF60365874224B14E8; };
		5C7510441095C56D3E1ABE77 = { isa = PBXFileReference; lastKnownFileType = sourcecode.swift; path = "TextDiffScreen.swift"; sourceTree = "<group>"; };
		D567EF10B6EEB0197425154A = { isa = PBXBuildFile; fileRef = 5C7510441095C56D3E1ABE77; };
		A23D561C241556D0F2F20CE6 = { isa = PBXFileReference; lastKnownFileType = sourcecode.swift; path = "TextDiffViewModel.swift"; sourceTree = "<group>"; };
		3B656F0A8032F142021D4F7F = { isa = PBXBuildFile; fileRef = A23D561C241556D0F2F20CE6; };
		FBAB30657318DB9D55F14DD1 = { isa = PBXGroup; children = (BF76933B48C5E418C60A6A99, DA73E6BAA64F446C72DA400C, 1F79DAAA01C7186A97103299, 4C5B5ABF60365874224B14E8, 5C7510441095C56D3E1ABE77, A23D561C241556D0F2F20CE6); path = "Comparison"; sourceTree = "<group>"; };
		A579530152B590552F53987D = { isa = PBXFileReference; lastKnownFileType = sourcecode.swift; path = "ProjectDashboardScreen.swift"; sourceTree = "<group>"; };
		117B8A17AC20E1177EF8C087 = { isa = PBXBuildFile; fileRef = A579530152B590552F53987D; };
		FFAA7EF782A91E56A6FF0F3C = { isa = PBXGroup; children = (A579530152B590552F53987D); path = "Dashboard"; sourceTree = "<group>"; };
		E94208E2386789FDF7FC8107 = { isa = PBXFileReference; lastKnownFileType = sourcecode.swift; path = "ImageComparisonScreen.swift"; sourceTree = "<group>"; };
		CD7FE2A7B6350ED84067D0B6 = { isa = PBXBuildFile; fileRef = E94208E2386789FDF7FC8107; };
		C172782E3D51A582BFCB0A53 = { isa = PBXGroup; children = (E94208E2386789FDF7FC8107); path = "Images"; sourceTree = "<group>"; };
		6C6AC49A0EA54DC58DA2B5A6 = { isa = PBXFileReference; lastKnownFileType = sourcecode.swift; path = "MergeScreen.swift"; sourceTree = "<group>"; };
		447444864BA73020A4D853CA = { isa = PBXBuildFile; fileRef = 6C6AC49A0EA54DC58DA2B5A6; };
		C6F5CB5C7E8A2B177FAB3CDF = { isa = PBXFileReference; lastKnownFileType = sourcecode.swift; path = "MergeViewModel.swift"; sourceTree = "<group>"; };
		85B622A5E6E0A6DB516085D4 = { isa = PBXBuildFile; fileRef = C6F5CB5C7E8A2B177FAB3CDF; };
		567432FF877AB80C6C62DCAD = { isa = PBXGroup; children = (6C6AC49A0EA54DC58DA2B5A6, C6F5CB5C7E8A2B177FAB3CDF); path = "Merge"; sourceTree = "<group>"; };
		9D1708C227C9C6EE78CFE1F8 = { isa = PBXFileReference; lastKnownFileType = sourcecode.swift; path = "AnnotationEditorScreen.swift"; sourceTree = "<group>"; };
		CDFE419D4414CDF5B20D1223 = { isa = PBXBuildFile; fileRef = 9D1708C227C9C6EE78CFE1F8; };
		A1EAFCA0780BA36DFDDDFB4F = { isa = PBXFileReference; lastKnownFileType = sourcecode.swift; path = "EditAnnotationScreen.swift"; sourceTree = "<group>"; };
		416CEB70E19B91255A5F3D22 = { isa = PBXBuildFile; fileRef = A1EAFCA0780BA36DFDDDFB4F; };
		0ACB82EEE14CA0E490838617 = { isa = PBXFileReference; lastKnownFileType = sourcecode.swift; path = "ReviewExportScreen.swift"; sourceTree = "<group>"; };
		90AC88ED82EC4DDA83944302 = { isa = PBXBuildFile; fileRef = 0ACB82EEE14CA0E490838617; };
		CEE2FBA6E7A8ED7D339BC3E6 = { isa = PBXFileReference; lastKnownFileType = sourcecode.swift; path = "ReviewScreen.swift"; sourceTree = "<group>"; };
		A2616F7D035E875A9821765E = { isa = PBXBuildFile; fileRef = CEE2FBA6E7A8ED7D339BC3E6; };
		A8314A87510C53FCFFFE6E7C = { isa = PBXFileReference; lastKnownFileType = sourcecode.swift; path = "ReviewViewModel.swift"; sourceTree = "<group>"; };
		48AACDCB5A95A48B80584F02 = { isa = PBXBuildFile; fileRef = A8314A87510C53FCFFFE6E7C; };
		F54D1C13E5A0B6EEC35C085F = { isa = PBXGroup; children = (9D1708C227C9C6EE78CFE1F8, A1EAFCA0780BA36DFDDDFB4F, 0ACB82EEE14CA0E490838617, CEE2FBA6E7A8ED7D339BC3E6, A8314A87510C53FCFFFE6E7C); path = "Review"; sourceTree = "<group>"; };
		0D807CD3E47327A3E6AF1314 = { isa = PBXFileReference; lastKnownFileType = sourcecode.swift; path = "AppearanceSettingsScreen.swift"; sourceTree = "<group>"; };
		8D971ECF1BCA12BF92AD6839 = { isa = PBXBuildFile; fileRef = 0D807CD3E47327A3E6AF1314; };
		E91891CCAC9BD7A70BD940A6 = { isa = PBXFileReference; lastKnownFileType = sourcecode.swift; path = "SettingsScreen.swift"; sourceTree = "<group>"; };
		A09B9651A62F0131E9A902D3 = { isa = PBXBuildFile; fileRef = E91891CCAC9BD7A70BD940A6; };
		6C772B9F9F0BF2F2A88D1768 = { isa = PBXFileReference; lastKnownFileType = sourcecode.swift; path = "SettingsViewModel.swift"; sourceTree = "<group>"; };
		12E85A445BE41D59F20A666F = { isa = PBXBuildFile; fileRef = 6C772B9F9F0BF2F2A88D1768; };
		59A82C243ABC55FE19B4E220 = { isa = PBXGroup; children = (0D807CD3E47327A3E6AF1314, E91891CCAC9BD7A70BD940A6, 6C772B9F9F0BF2F2A88D1768); path = "Settings"; sourceTree = "<group>"; };
		4EB12B01F009F0B823CDB2BB = { isa = PBXFileReference; lastKnownFileType = sourcecode.swift; path = "CommandPaletteScreen.swift"; sourceTree = "<group>"; };
		DC03F7B83242D1DCFFE5C26C = { isa = PBXBuildFile; fileRef = 4EB12B01F009F0B823CDB2BB; };
		F55E57274C309572D9F9A978 = { isa = PBXFileReference; lastKnownFileType = sourcecode.swift; path = "WorkspaceHeader.swift"; sourceTree = "<group>"; };
		7342C48B05E695F94F912F47 = { isa = PBXBuildFile; fileRef = F55E57274C309572D9F9A978; };
		9E1F6EE30550A29579AE2173 = { isa = PBXFileReference; lastKnownFileType = sourcecode.swift; path = "WorkspaceSidebar.swift"; sourceTree = "<group>"; };
		6436B8B786FD1AAD55CA2E72 = { isa = PBXBuildFile; fileRef = 9E1F6EE30550A29579AE2173; };
		FF5BD7BA564809A37A50F67E = { isa = PBXGroup; children = (4EB12B01F009F0B823CDB2BB, F55E57274C309572D9F9A978, 9E1F6EE30550A29579AE2173); path = "Views"; sourceTree = "<group>"; };
		3B7D6D43035EC5EDA8F141FF = { isa = PBXFileReference; lastKnownFileType = sourcecode.swift; path = "ProjectEditorScreen.swift"; sourceTree = "<group>"; };
		03142BFB2A3A5E6130986177 = { isa = PBXBuildFile; fileRef = 3B7D6D43035EC5EDA8F141FF; };
		F93E707069B3AC291608FD33 = { isa = PBXFileReference; lastKnownFileType = sourcecode.swift; path = "WorkspaceScreen.swift"; sourceTree = "<group>"; };
		57C04F7AF54BE2D83B619D57 = { isa = PBXBuildFile; fileRef = F93E707069B3AC291608FD33; };
		3FE258C73671C11C75CFE1BF = { isa = PBXFileReference; lastKnownFileType = sourcecode.swift; path = "WorkspaceViewModel.swift"; sourceTree = "<group>"; };
		A42A65F33A1A44218E8E74B0 = { isa = PBXBuildFile; fileRef = 3FE258C73671C11C75CFE1BF; };
		D42C63EB2B9C0B1BA827CBB1 = { isa = PBXGroup; children = (FF5BD7BA564809A37A50F67E, 3B7D6D43035EC5EDA8F141FF, F93E707069B3AC291608FD33, 3FE258C73671C11C75CFE1BF); path = "Workspace"; sourceTree = "<group>"; };
		F4443930C0D24FEEEF831C31 = { isa = PBXGroup; children = (4C8340CDF111A62FD3AE6BD4, FBAB30657318DB9D55F14DD1, FFAA7EF782A91E56A6FF0F3C, C172782E3D51A582BFCB0A53, 567432FF877AB80C6C62DCAD, F54D1C13E5A0B6EEC35C085F, 59A82C243ABC55FE19B4E220, D42C63EB2B9C0B1BA827CBB1); path = "Screens"; sourceTree = "<group>"; };
		0D13C533AEC96389F51D6C2A = { isa = PBXFileReference; lastKnownFileType = sourcecode.swift; path = "AnnotationService.swift"; sourceTree = "<group>"; };
		EF8D8249C9BD714806FC9CE7 = { isa = PBXBuildFile; fileRef = 0D13C533AEC96389F51D6C2A; };
		4B6935DEA12AF206C89B95AD = { isa = PBXFileReference; lastKnownFileType = sourcecode.swift; path = "AnnotationServiceProtocol.swift"; sourceTree = "<group>"; };
		901BAEF8DFCB7964761A10BC = { isa = PBXBuildFile; fileRef = 4B6935DEA12AF206C89B95AD; };
		73411FD698300971C9FF0A9A = { isa = PBXGroup; children = (0D13C533AEC96389F51D6C2A, 4B6935DEA12AF206C89B95AD); path = "Annotations"; sourceTree = "<group>"; };
		4C06FE5A44B11F5E46C88978 = { isa = PBXFileReference; lastKnownFileType = sourcecode.swift; path = "Color+Hex.swift"; sourceTree = "<group>"; };
		E0B8C039771CD00398E004C8 = { isa = PBXBuildFile; fileRef = 4C06FE5A44B11F5E46C88978; };
		5911ECE7F5855A0D60C3969E = { isa = PBXFileReference; lastKnownFileType = sourcecode.swift; path = "DiffyTheme.swift"; sourceTree = "<group>"; };
		E7C9C9569B558213B3F0BC3E = { isa = PBXBuildFile; fileRef = 5911ECE7F5855A0D60C3969E; };
		53D61FBB3F22AC00E8B77776 = { isa = PBXFileReference; lastKnownFileType = sourcecode.swift; path = "ThemeEnvironment.swift"; sourceTree = "<group>"; };
		90CF88756E606B447049C1AB = { isa = PBXBuildFile; fileRef = 53D61FBB3F22AC00E8B77776; };
		05173F4A3E0FBBD5820DE3EE = { isa = PBXGroup; children = (4C06FE5A44B11F5E46C88978, 5911ECE7F5855A0D60C3969E, 53D61FBB3F22AC00E8B77776); path = "DesignSystem"; sourceTree = "<group>"; };
		129AE1BAF07F9EF1754B1017 = { isa = PBXFileReference; lastKnownFileType = sourcecode.swift; path = "ReviewExportService.swift"; sourceTree = "<group>"; };
		5808312B39330A0539E762D3 = { isa = PBXBuildFile; fileRef = 129AE1BAF07F9EF1754B1017; };
		87A1983CD856C1DF5E6E2C1E = { isa = PBXFileReference; lastKnownFileType = sourcecode.swift; path = "ReviewExportServiceProtocol.swift"; sourceTree = "<group>"; };
		0E71AC1AAFC4C046D0DF44C4 = { isa = PBXBuildFile; fileRef = 87A1983CD856C1DF5E6E2C1E; };
		4EF0CFB4EBFD92A5259145BB = { isa = PBXGroup; children = (129AE1BAF07F9EF1754B1017, 87A1983CD856C1DF5E6E2C1E); path = "Export"; sourceTree = "<group>"; };
		7A4D3D1487990D8507D2215E = { isa = PBXFileReference; lastKnownFileType = sourcecode.swift; path = "Loggable.swift"; sourceTree = "<group>"; };
		D5F91B78571C6C989486F3AC = { isa = PBXBuildFile; fileRef = 7A4D3D1487990D8507D2215E; };
		1A7CAE8D8A448184B3C2F2F2 = { isa = PBXGroup; children = (7A4D3D1487990D8507D2215E); path = "Logger"; sourceTree = "<group>"; };
		22620F078C7F92FF7A33E3D0 = { isa = PBXFileReference; lastKnownFileType = sourcecode.swift; path = "PreferencesService.swift"; sourceTree = "<group>"; };
		904F6210FCD0CC1BCA8FE39E = { isa = PBXBuildFile; fileRef = 22620F078C7F92FF7A33E3D0; };
		EA978F551D14AFA9F70C3278 = { isa = PBXFileReference; lastKnownFileType = sourcecode.swift; path = "PreferencesServiceProtocol.swift"; sourceTree = "<group>"; };
		96434FE4AD44161315E83F0D = { isa = PBXBuildFile; fileRef = EA978F551D14AFA9F70C3278; };
		457FA5FC58EBA23C3EF4AB8F = { isa = PBXGroup; children = (22620F078C7F92FF7A33E3D0, EA978F551D14AFA9F70C3278); path = "Preferences"; sourceTree = "<group>"; };
		7ED390C1C401D8FDDBD377DF = { isa = PBXFileReference; lastKnownFileType = sourcecode.swift; path = "SyntaxHighlightService.swift"; sourceTree = "<group>"; };
		B4D5EC3078DE23CD63CB6D2D = { isa = PBXBuildFile; fileRef = 7ED390C1C401D8FDDBD377DF; };
		B22617B93090E3CB2CC3CD8B = { isa = PBXGroup; children = (7ED390C1C401D8FDDBD377DF); path = "Syntax"; sourceTree = "<group>"; };
		18E6417FDE98FE52BBD2C115 = { isa = PBXFileReference; lastKnownFileType = sourcecode.swift; path = "MockBackendCodeFixtures.swift"; sourceTree = "<group>"; };
		A907C9B28A8F9B500C90B63C = { isa = PBXBuildFile; fileRef = 18E6417FDE98FE52BBD2C115; };
		A856092091E4239CB585EC88 = { isa = PBXFileReference; lastKnownFileType = sourcecode.swift; path = "MockCodeFixtures.swift"; sourceTree = "<group>"; };
		A4D185654E20B63FAF6C0470 = { isa = PBXBuildFile; fileRef = A856092091E4239CB585EC88; };
		84FE60DD47BE11050870717A = { isa = PBXFileReference; lastKnownFileType = sourcecode.swift; path = "MockFileFixtures.swift"; sourceTree = "<group>"; };
		6256B02295F9F7FD6BDE9015 = { isa = PBXBuildFile; fileRef = 84FE60DD47BE11050870717A; };
		1AA1F93AF0D3C540FCA1E57C = { isa = PBXFileReference; lastKnownFileType = sourcecode.swift; path = "MockImageService.swift"; sourceTree = "<group>"; };
		8522C9FB1AD181D7CBF361D4 = { isa = PBXBuildFile; fileRef = 1AA1F93AF0D3C540FCA1E57C; };
		C2122BEF7C7F1A94E7E17C0D = { isa = PBXFileReference; lastKnownFileType = sourcecode.swift; path = "MockWorkspaceFixtures.swift"; sourceTree = "<group>"; };
		DAAB0918C4340CE00B588FC7 = { isa = PBXBuildFile; fileRef = C2122BEF7C7F1A94E7E17C0D; };
		5919676D0BE428565B2F0D00 = { isa = PBXFileReference; lastKnownFileType = sourcecode.swift; path = "MockWorkspaceService.swift"; sourceTree = "<group>"; };
		338D18F1916464F2B771E794 = { isa = PBXBuildFile; fileRef = 5919676D0BE428565B2F0D00; };
		8F9E26368E8E0138A1227FEA = { isa = PBXFileReference; lastKnownFileType = sourcecode.swift; path = "WorkspaceServiceProtocol.swift"; sourceTree = "<group>"; };
		A2AC07300641F7938DBA0010 = { isa = PBXBuildFile; fileRef = 8F9E26368E8E0138A1227FEA; };
		BA7F27C9014C1BE2850D0177 = { isa = PBXGroup; children = (18E6417FDE98FE52BBD2C115, A856092091E4239CB585EC88, 84FE60DD47BE11050870717A, 1AA1F93AF0D3C540FCA1E57C, C2122BEF7C7F1A94E7E17C0D, 5919676D0BE428565B2F0D00, 8F9E26368E8E0138A1227FEA); path = "Workspace"; sourceTree = "<group>"; };
		75689156F8808F6283CD2D43 = { isa = PBXGroup; children = (73411FD698300971C9FF0A9A, 05173F4A3E0FBBD5820DE3EE, 4EF0CFB4EBFD92A5259145BB, 1A7CAE8D8A448184B3C2F2F2, 457FA5FC58EBA23C3EF4AB8F, B22617B93090E3CB2CC3CD8B, BA7F27C9014C1BE2850D0177); path = "Services"; sourceTree = "<group>"; };
		76311443620792BE4D8230F1 = { isa = PBXGroup; children = (580C31406A5A4EDB12FA2A77, BF342E246033D1602D37813E, 63A98D5CA6F92F5B7D6A00DB, 46325E7521D4704ADC505C6C, 9975716837A5103543198E6D, 17108E5056D8D44F9F301EC4, F4443930C0D24FEEEF831C31, 75689156F8808F6283CD2D43); path = "Diffy"; sourceTree = "<group>"; };
		38A007151ABE87CC01A5B6E9 = { isa = PBXFileReference; explicitFileType = wrapper.application; includeInIndex = 0; path = Diffy.app; sourceTree = BUILT_PRODUCTS_DIR; };
		FBDC4F23F93125BBEEAE800C = { isa = PBXGroup; children = (38A007151ABE87CC01A5B6E9); name = Products; sourceTree = "<group>"; };
		B28B7AF69320201D1CF206EB = { isa = PBXGroup; children = (76311443620792BE4D8230F1, FBDC4F23F93125BBEEAE800C); sourceTree = "<group>"; };
		BCE16DD0260827ECF338C787 = { isa = PBXSourcesBuildPhase; buildActionMask = 2147483647; files = (53A01493DAF5048DDFB47F83, EDE63522E9A7EDF5E9D6C693, 069379BBB85A9406B2F2E59D, A0B5970E9FCD044129BD81A5, 5F4DF9D40401593BD0D9BAAA, 3B51FE16D9414D50A99F87EA, 0898014E0B045038F4590ADF, EB58BCB005E44B7F01DE7E7C, C0205E26C51AAD1850FBFAF4, 603A94416629445E102C4587, EA8531619492D54027BF60DB, E4FB60AAE50DF0B5853A0E2D, 23002251A263B9EABA2CA57A, C8D21BE02C164FF3C79578E7, CF7ECB936293C92BC743EEB4, 416DC9FAC15A2FAA9D072C9E, 726E4E2BD62C49C1575DB185, 7DE5382FDAA0F9A2CDB5A193, FA6EE691B2944397A2264BB3, BCB357A5C03278590A65E515, 749145CEA45550F1CDD0F6AB, 2737749A2EF1C1F08C247519, 43BCF2AE85CF934DEF631801, 36BA234E193C993E954C25E6, 5AE18D1F4BAFEF94C53F34B4, 8B1A576EE2A5272FDB2E0D6D, 02D78540B49ABB08F17F07E4, 866A45B0B6FA7216E582BDFA, F8987635CB2F00E6B6B78E6A, 3EC8DD1A7D8284D5C8917B92, DE6F4B9F0326866E6900FE5F, 8D7208A97D3040A51239D00E, 9B444C0BE9FAA11B9E587268, F89BDC22531F58ECBCC5E2FE, 7CE1320F8D1FD7911BF2E051, 8D18DDA39C319CF7AE6723C2, 2BDA1CAF6F524602FC53A4F3, 76151059C0A7C2054595582A, 335BDF2F603BD812AE8AEDF7, 87E7C8D7FB529D1C9CC4662A, 1510921C6758435A142BA69A, A5DDE494EAB88D5CCD2AA9C8, E042F618B58EEEF6188D3F8E, A306427EBB954A8B7334FDE9, 8CCA14825EE374C1970D4538, A349D4610BFFEBCC52CB1D92, E5C407E6720BD239C695B138, C93193BFF72029C7F18FD6F3, B795F08A9FC8072D75318989, 948D25901FF7F57897E0FE1D, 5893FA11F295B5760AC802CE, D567EF10B6EEB0197425154A, 3B656F0A8032F142021D4F7F, 117B8A17AC20E1177EF8C087, CD7FE2A7B6350ED84067D0B6, 447444864BA73020A4D853CA, 85B622A5E6E0A6DB516085D4, CDFE419D4414CDF5B20D1223, 416CEB70E19B91255A5F3D22, 90AC88ED82EC4DDA83944302, A2616F7D035E875A9821765E, 48AACDCB5A95A48B80584F02, 8D971ECF1BCA12BF92AD6839, A09B9651A62F0131E9A902D3, 12E85A445BE41D59F20A666F, DC03F7B83242D1DCFFE5C26C, 7342C48B05E695F94F912F47, 6436B8B786FD1AAD55CA2E72, 03142BFB2A3A5E6130986177, 57C04F7AF54BE2D83B619D57, A42A65F33A1A44218E8E74B0, EF8D8249C9BD714806FC9CE7, 901BAEF8DFCB7964761A10BC, E0B8C039771CD00398E004C8, E7C9C9569B558213B3F0BC3E, 90CF88756E606B447049C1AB, 5808312B39330A0539E762D3, 0E71AC1AAFC4C046D0DF44C4, D5F91B78571C6C989486F3AC, 904F6210FCD0CC1BCA8FE39E, 96434FE4AD44161315E83F0D, B4D5EC3078DE23CD63CB6D2D, A907C9B28A8F9B500C90B63C, A4D185654E20B63FAF6C0470, 6256B02295F9F7FD6BDE9015, 8522C9FB1AD181D7CBF361D4, DAAB0918C4340CE00B588FC7, 338D18F1916464F2B771E794, A2AC07300641F7938DBA0010); runOnlyForDeploymentPostprocessing = 0; };
		0189424A5A60FED329FA868E = { isa = PBXResourcesBuildPhase; buildActionMask = 2147483647; files = (678925F40713487AAA3AE2D2); runOnlyForDeploymentPostprocessing = 0; };
		7561BFB015D8F536760CB671 = { isa = PBXFrameworksBuildPhase; buildActionMask = 2147483647; files = (); runOnlyForDeploymentPostprocessing = 0; };
		AB52CB08E0FDF02BF6C67C33 = { isa = XCBuildConfiguration; buildSettings = { MACOSX_DEPLOYMENT_TARGET = "14.0"; SDKROOT = "macosx"; SWIFT_VERSION = "6.0"; CLANG_ENABLE_MODULES = "YES"; SWIFT_OPTIMIZATION_LEVEL = "-Onone"; SWIFT_ACTIVE_COMPILATION_CONDITIONS = "DEBUG"; }; name = Debug; };
		59E1BEE911F66DA37FEBACDC = { isa = XCBuildConfiguration; buildSettings = { PRODUCT_NAME = "Diffy"; PRODUCT_BUNDLE_IDENTIFIER = "com.diffy.app"; GENERATE_INFOPLIST_FILE = "YES"; INFOPLIST_KEY_CFBundleDisplayName = "Diffy"; INFOPLIST_KEY_ATSApplicationFontsPath = "Fonts/"; INFOPLIST_KEY_LSApplicationCategoryType = "public.app-category.developer-tools"; CODE_SIGN_STYLE = "Automatic"; CODE_SIGN_IDENTITY = "-"; CODE_SIGN_ENTITLEMENTS = "Diffy/Resources/Diffy.entitlements"; ENABLE_APP_SANDBOX = "YES"; ENABLE_USER_SELECTED_FILES = "readwrite"; ENABLE_HARDENED_RUNTIME = "YES"; MARKETING_VERSION = "0.1.0"; CURRENT_PROJECT_VERSION = "1"; COMBINE_HIDPI_IMAGES = "YES"; LD_RUNPATH_SEARCH_PATHS = "$(inherited) @executable_path/../Frameworks"; }; name = Debug; };
		5283471FF90C511CFE244FFF = { isa = XCBuildConfiguration; buildSettings = { MACOSX_DEPLOYMENT_TARGET = "14.0"; SDKROOT = "macosx"; SWIFT_VERSION = "6.0"; CLANG_ENABLE_MODULES = "YES"; SWIFT_OPTIMIZATION_LEVEL = "-O"; SWIFT_ACTIVE_COMPILATION_CONDITIONS = ""; }; name = Release; };
		F4C425279CD5DDD18FD6DC6D = { isa = XCBuildConfiguration; buildSettings = { PRODUCT_NAME = "Diffy"; PRODUCT_BUNDLE_IDENTIFIER = "com.diffy.app"; GENERATE_INFOPLIST_FILE = "YES"; INFOPLIST_KEY_CFBundleDisplayName = "Diffy"; INFOPLIST_KEY_ATSApplicationFontsPath = "Fonts/"; INFOPLIST_KEY_LSApplicationCategoryType = "public.app-category.developer-tools"; CODE_SIGN_STYLE = "Automatic"; CODE_SIGN_IDENTITY = "-"; CODE_SIGN_ENTITLEMENTS = "Diffy/Resources/Diffy.entitlements"; ENABLE_APP_SANDBOX = "YES"; ENABLE_USER_SELECTED_FILES = "readwrite"; ENABLE_HARDENED_RUNTIME = "YES"; MARKETING_VERSION = "0.1.0"; CURRENT_PROJECT_VERSION = "1"; COMBINE_HIDPI_IMAGES = "YES"; LD_RUNPATH_SEARCH_PATHS = "$(inherited) @executable_path/../Frameworks"; }; name = Release; };
		43542476A0E9EEC933929637 = { isa = XCConfigurationList; buildConfigurations = (AB52CB08E0FDF02BF6C67C33, 5283471FF90C511CFE244FFF); defaultConfigurationIsVisible = 0; defaultConfigurationName = Release; };
		D56CFE3901D8DE50695BDE4C = { isa = XCConfigurationList; buildConfigurations = (59E1BEE911F66DA37FEBACDC, F4C425279CD5DDD18FD6DC6D); defaultConfigurationIsVisible = 0; defaultConfigurationName = Release; };
		0E8A3AD980EC179856012B7E = { isa = PBXNativeTarget; buildConfigurationList = D56CFE3901D8DE50695BDE4C; buildPhases = (BCE16DD0260827ECF338C787, 7561BFB015D8F536760CB671, 0189424A5A60FED329FA868E); buildRules = (); dependencies = (); name = Diffy; productName = Diffy; productReference = 38A007151ABE87CC01A5B6E9; productType = "com.apple.product-type.application"; };
		98F54143AB4E86B28C3AFEE0 = { isa = PBXProject; attributes = { BuildIndependentTargetsInParallel = YES; LastSwiftUpdateCheck = 1600; LastUpgradeCheck = 1600; }; buildConfigurationList = 43542476A0E9EEC933929637; compatibilityVersion = "Xcode 14.0"; developmentRegion = en; hasScannedForEncodings = 0; knownRegions = (en, Base); mainGroup = B28B7AF69320201D1CF206EB; productRefGroup = FBDC4F23F93125BBEEAE800C; projectDirPath = ""; projectRoot = ""; targets = (0E8A3AD980EC179856012B7E); };
	};
	rootObject = 98F54143AB4E86B28C3AFEE0;
}
